
Microsoft Visual Studio Solution File, Format Version 12.00
# Visual Studio Version 16
VisualStudioVersion = 16.0.32002.261
MinimumVisualStudioVersion = 10.0.40219.1
Project("{FAE04EC0-301F-11D3-BF4B-00C04F79EFBC}") = "ConsoleApp03", "ConsoleApp03\ConsoleApp03.csproj", "{8B16A2BA-49A9-4E60-A29D-1FF2F56A42A3}"
EndProject
Global
	GlobalSection(SolutionConfigurationPlatforms) = preSolution
		Debug|Any CPU = Debug|Any CPU
		Release|Any CPU = Release|Any CPU
	EndGlobalSection
	GlobalSection(ProjectConfigurationPlatforms) = postSolution
		{8B16A2BA-49A9-4E60-A29D-1FF2F56A42A3}.Debug|Any CPU.ActiveCfg = Debug|Any CPU
		{8B16A2BA-49A9-4E60-A29D-1FF2F56A42A3}.Debug|Any CPU.Build.0 = Debug|Any CPU
		{8B16A2BA-49A9-4E60-A29D-1FF2F56A42A3}.Release|Any CPU.ActiveCfg = Release|Any CPU
		{8B16A2BA-49A9-4E60-A29D-1FF2F56A42A3}.Release|Any CPU.Build.0 = Release|Any CPU
	EndGlobalSection
	GlobalSection(SolutionProperties) = preSolution
		HideSolutionNode = FALSE
	EndGlobalSection
	GlobalSection(ExtensibilityGlobals) = postSolution
		SolutionGuid = {51187B2E-30CE-473E-B324-8F5F5E32990C}
	EndGlobalSection
EndGlobal
